// !$*UTF8*$!
{
	archiveVersion = 1;
	classes = {
	};
	objectVersion = 50;
	objects = {

/* Begin PBXBuildFile section */
		34FBBB6E246CD32B00908494 /* AppDelegate.swift in Sources */ = {isa = PBXBuildFile; fileRef = 34FBBB6D246CD32B00908494 /* AppDelegate.swift */; };
		34FBBB70246CD32B00908494 /* SceneDelegate.swift in Sources */ = {isa = PBXBuildFile; fileRef = 34FBBB6F246CD32B00908494 /* SceneDelegate.swift */; };
		34FBBB73246CD32B00908494 /* Twister.xcdatamodeld in Sources */ = {isa = PBXBuildFile; fileRef = 34FBBB71246CD32B00908494 /* Twister.xcdatamodeld */; };
		34FBBB75246CD32B00908494 /* ContentView.swift in Sources */ = {isa = PBXBuildFile; fileRef = 34FBBB74246CD32B00908494 /* ContentView.swift */; };
		34FBBB77246CD32D00908494 /* Assets.xcassets in Resources */ = {isa = PBXBuildFile; fileRef = 34FBBB76246CD32D00908494 /* Assets.xcassets */; };
		34FBBB7A246CD32D00908494 /* Preview Assets.xcassets in Resources */ = {isa = PBXBuildFile; fileRef = 34FBBB79246CD32D00908494 /* Preview Assets.xcassets */; };
		34FBBB7D246CD32D00908494 /* LaunchScreen.storyboard in Resources */ = {isa = PBXBuildFile; fileRef = 34FBBB7B246CD32D00908494 /* LaunchScreen.storyboard */; };
		34FBBB85246CDD0F00908494 /* Version.swift in Sources */ = {isa = PBXBuildFile; fileRef = 34FBBB84246CDD0F00908494 /* Version.swift */; };
		34FBBB87246CE28200908494 /* Issue.swift in Sources */ = {isa = PBXBuildFile; fileRef = 34FBBB86246CE28200908494 /* Issue.swift */; };
		34FBBBB5246D511500908494 /* IssueList.swift in Sources */ = {isa = PBXBuildFile; fileRef = 34FBBBB4246D511500908494 /* IssueList.swift */; };
		34FBBBB7246D512300908494 /* IssueRow.swift in Sources */ = {isa = PBXBuildFile; fileRef = 34FBBBB6246D512300908494 /* IssueRow.swift */; };
		34FBBBB9246D547900908494 /* UserData.swift in Sources */ = {isa = PBXBuildFile; fileRef = 34FBBBB8246D547900908494 /* UserData.swift */; };
		34FBBBBB246D8FED00908494 /* ProgressBar.swift in Sources */ = {isa = PBXBuildFile; fileRef = 34FBBBBA246D8FED00908494 /* ProgressBar.swift */; };
		34FBBBBD246DA6EB00908494 /* Download.swift in Sources */ = {isa = PBXBuildFile; fileRef = 34FBBBBC246DA6EB00908494 /* Download.swift */; };
		34FBBBBF246E3ECA00908494 /* DownloadManager.swift in Sources */ = {isa = PBXBuildFile; fileRef = 34FBBBBE246E3ECA00908494 /* DownloadManager.swift */; };
/* End PBXBuildFile section */

/* Begin PBXFileReference section */
		34FBBB6A246CD32B00908494 /* Twister.app */ = {isa = PBXFileReference; explicitFileType = wrapper.application; includeInIndex = 0; path = Twister.app; sourceTree = BUILT_PRODUCTS_DIR; };
		34FBBB6D246CD32B00908494 /* AppDelegate.swift */ = {isa = PBXFileReference; lastKnownFileType = sourcecode.swift; path = AppDelegate.swift; sourceTree = "<group>"; };
		34FBBB6F246CD32B00908494 /* SceneDelegate.swift */ = {isa = PBXFileReference; lastKnownFileType = sourcecode.swift; path = SceneDelegate.swift; sourceTree = "<group>"; };
		34FBBB72246CD32B00908494 /* Twister.xcdatamodel */ = {isa = PBXFileReference; lastKnownFileType = wrapper.xcdatamodel; path = Twister.xcdatamodel; sourceTree = "<group>"; };
		34FBBB74246CD32B00908494 /* ContentView.swift */ = {isa = PBXFileReference; lastKnownFileType = sourcecode.swift; path = ContentView.swift; sourceTree = "<group>"; };
		34FBBB76246CD32D00908494 /* Assets.xcassets */ = {isa = PBXFileReference; lastKnownFileType = folder.assetcatalog; path = Assets.xcassets; sourceTree = "<group>"; };
		34FBBB79246CD32D00908494 /* Preview Assets.xcassets */ = {isa = PBXFileReference; lastKnownFileType = folder.assetcatalog; path = "Preview Assets.xcassets"; sourceTree = "<group>"; };
		34FBBB7C246CD32D00908494 /* Base */ = {isa = PBXFileReference; lastKnownFileType = file.storyboard; name = Base; path = Base.lproj/LaunchScreen.storyboard; sourceTree = "<group>"; };
		34FBBB7E246CD32D00908494 /* Info.plist */ = {isa = PBXFileReference; lastKnownFileType = text.plist.xml; path = Info.plist; sourceTree = "<group>"; };
		34FBBB84246CDD0F00908494 /* Version.swift */ = {isa = PBXFileReference; lastKnownFileType = sourcecode.swift; path = Version.swift; sourceTree = "<group>"; };
		34FBBB86246CE28200908494 /* Issue.swift */ = {isa = PBXFileReference; lastKnownFileType = sourcecode.swift; path = Issue.swift; sourceTree = "<group>"; };
		34FBBBB4246D511500908494 /* IssueList.swift */ = {isa = PBXFileReference; lastKnownFileType = sourcecode.swift; path = IssueList.swift; sourceTree = "<group>"; };
		34FBBBB6246D512300908494 /* IssueRow.swift */ = {isa = PBXFileReference; lastKnownFileType = sourcecode.swift; path = IssueRow.swift; sourceTree = "<group>"; };
		34FBBBB8246D547900908494 /* UserData.swift */ = {isa = PBXFileReference; lastKnownFileType = sourcecode.swift; path = UserData.swift; sourceTree = "<group>"; };
		34FBBBBA246D8FED00908494 /* ProgressBar.swift */ = {isa = PBXFileReference; lastKnownFileType = sourcecode.swift; path = ProgressBar.swift; sourceTree = "<group>"; };
		34FBBBBC246DA6EB00908494 /* Download.swift */ = {isa = PBXFileReference; lastKnownFileType = sourcecode.swift; path = Download.swift; sourceTree = "<group>"; };
		34FBBBBE246E3ECA00908494 /* DownloadManager.swift */ = {isa = PBXFileReference; lastKnownFileType = sourcecode.swift; path = DownloadManager.swift; sourceTree = "<group>"; };
/* End PBXFileReference section */

/* Begin PBXFrameworksBuildPhase section */
		34FBBB67246CD32B00908494 /* Frameworks */ = {
			isa = PBXFrameworksBuildPhase;
			buildActionMask = 2147483647;
			files = (
			);
			runOnlyForDeploymentPostprocessing = 0;
		};
/* End PBXFrameworksBuildPhase section */

/* Begin PBXGroup section */
		34FBBB61246CD32B00908494 = {
			isa = PBXGroup;
			children = (
				34FBBB6C246CD32B00908494 /* Twister */,
				34FBBB6B246CD32B00908494 /* Products */,
			);
			sourceTree = "<group>";
		};
		34FBBB6B246CD32B00908494 /* Products */ = {
			isa = PBXGroup;
			children = (
				34FBBB6A246CD32B00908494 /* Twister.app */,
			);
			name = Products;
			sourceTree = "<group>";
		};
		34FBBB6C246CD32B00908494 /* Twister */ = {
			isa = PBXGroup;
			children = (
				34FBBB6D246CD32B00908494 /* AppDelegate.swift */,
				34FBBB6F246CD32B00908494 /* SceneDelegate.swift */,
				34FBBB84246CDD0F00908494 /* Version.swift */,
				34FBBB86246CE28200908494 /* Issue.swift */,
				34FBBB74246CD32B00908494 /* ContentView.swift */,
				34FBBBB4246D511500908494 /* IssueList.swift */,
				34FBBBB8246D547900908494 /* UserData.swift */,
				34FBBBB6246D512300908494 /* IssueRow.swift */,
				34FBBBBC246DA6EB00908494 /* Download.swift */,
				34FBBBBE246E3ECA00908494 /* DownloadManager.swift */,
				34FBBBBA246D8FED00908494 /* ProgressBar.swift */,
				34FBBB76246CD32D00908494 /* Assets.xcassets */,
				34FBBB7B246CD32D00908494 /* LaunchScreen.storyboard */,
				34FBBB7E246CD32D00908494 /* Info.plist */,
				34FBBB71246CD32B00908494 /* Twister.xcdatamodeld */,
				34FBBB78246CD32D00908494 /* Preview Content */,
			);
			path = Twister;
			sourceTree = "<group>";
		};
		34FBBB78246CD32D00908494 /* Preview Content */ = {
			isa = PBXGroup;
			children = (
				34FBBB79246CD32D00908494 /* Preview Assets.xcassets */,
			);
			path = "Preview Content";
			sourceTree = "<group>";
		};
/* End PBXGroup section */

/* Begin PBXNativeTarget section */
		34FBBB69246CD32B00908494 /* Twister */ = {
			isa = PBXNativeTarget;
			buildConfigurationList = 34FBBB81246CD32D00908494 /* Build configuration list for PBXNativeTarget "Twister" */;
			buildPhases = (
				34FBBB66246CD32B00908494 /* Sources */,
				34FBBB67246CD32B00908494 /* Frameworks */,
				34FBBB68246CD32B00908494 /* Resources */,
			);
			buildRules = (
			);
			dependencies = (
			);
			name = Twister;
			productName = Twister;
			productReference = 34FBBB6A246CD32B00908494 /* Twister.app */;
			productType = "com.apple.product-type.application";
		};
/* End PBXNativeTarget section */

/* Begin PBXProject section */
		34FBBB62246CD32B00908494 /* Project object */ = {
			isa = PBXProject;
			attributes = {
				LastSwiftUpdateCheck = 1140;
				LastUpgradeCheck = 1140;
				ORGANIZATIONNAME = "Isaac Eaton";
				TargetAttributes = {
					34FBBB69246CD32B00908494 = {
						CreatedOnToolsVersion = 11.4.1;
					};
				};
			};
			buildConfigurationList = 34FBBB65246CD32B00908494 /* Build configuration list for PBXProject "Twister" */;
			compatibilityVersion = "Xcode 9.3";
			developmentRegion = en;
			hasScannedForEncodings = 0;
			knownRegions = (
				en,
				Base,
			);
			mainGroup = 34FBBB61246CD32B00908494;
			productRefGroup = 34FBBB6B246CD32B00908494 /* Products */;
			projectDirPath = "";
			projectRoot = "";
			targets = (
				34FBBB69246CD32B00908494 /* Twister */,
			);
		};
/* End PBXProject section */

/* Begin PBXResourcesBuildPhase section */
		34FBBB68246CD32B00908494 /* Resources */ = {
			isa = PBXResourcesBuildPhase;
			buildActionMask = 2147483647;
			files = (
				34FBBB7D246CD32D00908494 /* LaunchScreen.storyboard in Resources */,
				34FBBB7A246CD32D00908494 /* Preview Assets.xcassets in Resources */,
				34FBBB77246CD32D00908494 /* Assets.xcassets in Resources */,
			);
			runOnlyForDeploymentPostprocessing = 0;
		};
/* End PBXResourcesBuildPhase section */

/* Begin PBXSourcesBuildPhase section */
		34FBBB66246CD32B00908494 /* Sources */ = {
			isa = PBXSourcesBuildPhase;
			buildActionMask = 2147483647;
			files = (
				34FBBB73246CD32B00908494 /* Twister.xcdatamodeld in Sources */,
				34FBBB85246CDD0F00908494 /* Version.swift in Sources */,
				34FBBBBD246DA6EB00908494 /* Download.swift in Sources */,
				34FBBBB7246D512300908494 /* IssueRow.swift in Sources */,
				34FBBBB9246D547900908494 /* UserData.swift in Sources */,
				34FBBB6E246CD32B00908494 /* AppDelegate.swift in Sources */,
				34FBBB75246CD32B00908494 /* ContentView.swift in Sources */,
				34FBBBBF246E3ECA00908494 /* DownloadManager.swift in Sources */,
				34FBBB70246CD32B00908494 /* SceneDelegate.swift in Sources */,
				34FBBBB5246D511500908494 /* IssueList.swift in Sources */,
				34FBBBBB246D8FED00908494 /* ProgressBar.swift in Sources */,
				34FBBB87246CE28200908494 /* Issue.swift in Sources */,
			);
			runOnlyForDeploymentPostprocessing = 0;
		};
/* End PBXSourcesBuildPhase section */

/* Begin PBXVariantGroup section */
		34FBBB7B246CD32D00908494 /* LaunchScreen.storyboard */ = {
			isa = PBXVariantGroup;
			children = (
				34FBBB7C246CD32D00908494 /* Base */,
			);
			name = LaunchScreen.storyboard;
			sourceTree = "<group>";
		};
/* End PBXVariantGroup section */

/* Begin XCBuildConfiguration section */
		34FBBB7F246CD32D00908494 /* Debug */ = {
			isa = XCBuildConfiguration;
			buildSettings = {
				ALWAYS_SEARCH_USER_PATHS = NO;
				CLANG_ANALYZER_NONNULL = YES;
				CLANG_ANALYZER_NUMBER_OBJECT_CONVERSION = YES_AGGRESSIVE;
				CLANG_CXX_LANGUAGE_STANDARD = "gnu++14";
				CLANG_CXX_LIBRARY = "libc++";
				CLANG_ENABLE_MODULES = YES;
				CLANG_ENABLE_OBJC_ARC = YES;
				CLANG_ENABLE_OBJC_WEAK = YES;
				CLANG_WARN_BLOCK_CAPTURE_AUTORELEASING = YES;
				CLANG_WARN_BOOL_CONVERSION = YES;
				CLANG_WARN_COMMA = YES;
				CLANG_WARN_CONSTANT_CONVERSION = YES;
				CLANG_WARN_DEPRECATED_OBJC_IMPLEMENTATIONS = YES;
				CLANG_WARN_DIRECT_OBJC_ISA_USAGE = YES_ERROR;
				CLANG_WARN_DOCUMENTATION_COMMENTS = YES;
				CLANG_WARN_EMPTY_BODY = YES;
				CLANG_WARN_ENUM_CONVERSION = YES;
				CLANG_WARN_INFINITE_RECURSION = YES;
				CLANG_WARN_INT_CONVERSION = YES;
				CLANG_WARN_NON_LITERAL_NULL_CONVERSION = YES;
				CLANG_WARN_OBJC_IMPLICIT_RETAIN_SELF = YES;
				CLANG_WARN_OBJC_LITERAL_CONVERSION = YES;
				CLANG_WARN_OBJC_ROOT_CLASS = YES_ERROR;
				CLANG_WARN_RANGE_LOOP_ANALYSIS = YES;
				CLANG_WARN_STRICT_PROTOTYPES = YES;
				CLANG_WARN_SUSPICIOUS_MOVE = YES;
				CLANG_WARN_UNGUARDED_AVAILABILITY = YES_AGGRESSIVE;
				CLANG_WARN_UNREACHABLE_CODE = YES;
				CLANG_WARN__DUPLICATE_METHOD_MATCH = YES;
				COPY_PHASE_STRIP = NO;
				DEBUG_INFORMATION_FORMAT = dwarf;
				ENABLE_STRICT_OBJC_MSGSEND = YES;
				ENABLE_TESTABILITY = YES;
				GCC_C_LANGUAGE_STANDARD = gnu11;
				GCC_DYNAMIC_NO_PIC = NO;
				GCC_NO_COMMON_BLOCKS = YES;
				GCC_OPTIMIZATION_LEVEL = 0;
				GCC_PREPROCESSOR_DEFINITIONS = (
					"DEBUG=1",
					"$(inherited)",
				);
				GCC_WARN_64_TO_32_BIT_CONVERSION = YES;
				GCC_WARN_ABOUT_RETURN_TYPE = YES_ERROR;
				GCC_WARN_UNDECLARED_SELECTOR = YES;
				GCC_WARN_UNINITIALIZED_AUTOS = YES_AGGRESSIVE;
				GCC_WARN_UNUSED_FUNCTION = YES;
				GCC_WARN_UNUSED_VARIABLE = YES;
				IPHONEOS_DEPLOYMENT_TARGET = 13.4;
				MTL_ENABLE_DEBUG_INFO = INCLUDE_SOURCE;
				MTL_FAST_MATH = YES;
				ONLY_ACTIVE_ARCH = YES;
				SDKROOT = iphoneos;
				SWIFT_ACTIVE_COMPILATION_CONDITIONS = DEBUG;
				SWIFT_OPTIMIZATION_LEVEL = "-Onone";
			};
			name = Debug;
		};
		34FBBB80246CD32D00908494 /* Release */ = {
			isa = XCBuildConfiguration;
			buildSettings = {
				ALWAYS_SEARCH_USER_PATHS = NO;
				CLANG_ANALYZER_NONNULL = YES;
				CLANG_ANALYZER_NUMBER_OBJECT_CONVERSION = YES_AGGRESSIVE;
				CLANG_CXX_LANGUAGE_STANDARD = "gnu++14";
				CLANG_CXX_LIBRARY = "libc++";
				CLANG_ENABLE_MODULES = YES;
				CLANG_ENABLE_OBJC_ARC = YES;
				CLANG_ENABLE_OBJC_WEAK = YES;
				CLANG_WARN_BLOCK_CAPTURE_AUTORELEASING = YES;
				CLANG_WARN_BOOL_CONVERSION = YES;
				CLANG_WARN_COMMA = YES;
				CLANG_WARN_CONSTANT_CONVERSION = YES;
				CLANG_WARN_DEPRECATED_OBJC_IMPLEMENTATIONS = YES;
				CLANG_WARN_DIRECT_OBJC_ISA_USAGE = YES_ERROR;
				CLANG_WARN_DOCUMENTATION_COMMENTS = YES;
				CLANG_WARN_EMPTY_BODY = YES;
				CLANG_WARN_ENUM_CONVERSION = YES;
				CLANG_WARN_INFINITE_RECURSION = YES;
				CLANG_WARN_INT_CONVERSION = YES;
				CLANG_WARN_NON_LITERAL_NULL_CONVERSION = YES;
				CLANG_WARN_OBJC_IMPLICIT_RETAIN_SELF = YES;
				CLANG_WARN_OBJC_LITERAL_CONVERSION = YES;
				CLANG_WARN_OBJC_ROOT_CLASS = YES_ERROR;
				CLANG_WARN_RANGE_LOOP_ANALYSIS = YES;
				CLANG_WARN_STRICT_PROTOTYPES = YES;
				CLANG_WARN_SUSPICIOUS_MOVE = YES;
				CLANG_WARN_UNGUARDED_AVAILABILITY = YES_AGGRESSIVE;
				CLANG_WARN_UNREACHABLE_CODE = YES;
				CLANG_WARN__DUPLICATE_METHOD_MATCH = YES;
				COPY_PHASE_STRIP = NO;
				DEBUG_INFORMATION_FORMAT = "dwarf-with-dsym";
				ENABLE_NS_ASSERTIONS = NO;
				ENABLE_STRICT_OBJC_MSGSEND = YES;
				GCC_C_LANGUAGE_STANDARD = gnu11;
				GCC_NO_COMMON_BLOCKS = YES;
				GCC_WARN_64_TO_32_BIT_CONVERSION = YES;
				GCC_WARN_ABOUT_RETURN_TYPE = YES_ERROR;
				GCC_WARN_UNDECLARED_SELECTOR = YES;
				GCC_WARN_UNINITIALIZED_AUTOS = YES_AGGRESSIVE;
				GCC_WARN_UNUSED_FUNCTION = YES;
				GCC_WARN_UNUSED_VARIABLE = YES;
				IPHONEOS_DEPLOYMENT_TARGET = 13.4;
				MTL_ENABLE_DEBUG_INFO = NO;
				MTL_FAST_MATH = YES;
				SDKROOT = iphoneos;
				SWIFT_COMPILATION_MODE = wholemodule;
				SWIFT_OPTIMIZATION_LEVEL = "-O";
				VALIDATE_PRODUCT = YES;
			};
			name = Release;
		};
		34FBBB82246CD32D00908494 /* Debug */ = {
			isa = XCBuildConfiguration;
			buildSettings = {
				ASSETCATALOG_COMPILER_APPICON_NAME = AppIcon;
				CODE_SIGN_STYLE = Automatic;
				DEVELOPMENT_ASSET_PATHS = "\"Twister/Preview Content\"";
				DEVELOPMENT_TEAM = 96BF59B2QE;
				ENABLE_PREVIEWS = YES;
				INFOPLIST_FILE = Twister/Info.plist;
				LD_RUNPATH_SEARCH_PATHS = (
					"$(inherited)",
					"@executable_path/Frameworks",
				);
				PRODUCT_BUNDLE_IDENTIFIER = com.iseaton.Twister;
				PRODUCT_NAME = "$(TARGET_NAME)";
				SWIFT_VERSION = 5.0;
				TARGETED_DEVICE_FAMILY = "1,2";
			};
			name = Debug;
		};
		34FBBB83246CD32D00908494 /* Release */ = {
			isa = XCBuildConfiguration;
			buildSettings = {
				ASSETCATALOG_COMPILER_APPICON_NAME = AppIcon;
				CODE_SIGN_STYLE = Automatic;
				DEVELOPMENT_ASSET_PATHS = "\"Twister/Preview Content\"";
				DEVELOPMENT_TEAM = 96BF59B2QE;
				ENABLE_PREVIEWS = YES;
				INFOPLIST_FILE = Twister/Info.plist;
				LD_RUNPATH_SEARCH_PATHS = (
					"$(inherited)",
					"@executable_path/Frameworks",
				);
				PRODUCT_BUNDLE_IDENTIFIER = com.iseaton.Twister;
				PRODUCT_NAME = "$(TARGET_NAME)";
				SWIFT_VERSION = 5.0;
				TARGETED_DEVICE_FAMILY = "1,2";
			};
			name = Release;
		};
/* End XCBuildConfiguration section */

/* Begin XCConfigurationList section */
		34FBBB65246CD32B00908494 /* Build configuration list for PBXProject "Twister" */ = {
			isa = XCConfigurationList;
			buildConfigurations = (
				34FBBB7F246CD32D00908494 /* Debug */,
				34FBBB80246CD32D00908494 /* Release */,
			);
			defaultConfigurationIsVisible = 0;
			defaultConfigurationName = Release;
		};
		34FBBB81246CD32D00908494 /* Build configuration list for PBXNativeTarget "Twister" */ = {
			isa = XCConfigurationList;
			buildConfigurations = (
				34FBBB82246CD32D00908494 /* Debug */,
				34FBBB83246CD32D00908494 /* Release */,
			);
			defaultConfigurationIsVisible = 0;
			defaultConfigurationName = Release;
		};
/* End XCConfigurationList section */

/* Begin XCVersionGroup section */
		34FBBB71246CD32B00908494 /* Twister.xcdatamodeld */ = {
			isa = XCVersionGroup;
			children = (
				34FBBB72246CD32B00908494 /* Twister.xcdatamodel */,
			);
			currentVersion = 34FBBB72246CD32B00908494 /* Twister.xcdatamodel */;
			path = Twister.xcdatamodeld;
			sourceTree = "<group>";
			versionGroupType = wrapper.xcdatamodel;
		};
/* End XCVersionGroup section */
	};
	rootObject = 34FBBB62246CD32B00908494 /* Project object */;
}
